
Microsoft Visual Studio Solution File, Format Version 12.00
# Visual Studio 14
VisualStudioVersion = 14.0.24720.0
MinimumVisualStudioVersion = 10.0.40219.1
Project("{FAE04EC0-301F-11D3-BF4B-00C04F79EFBC}") = "CarControl.Web", "CarControl.Web\CarControl.Web.csproj", "{6667B4C9-EED5-4EA2-A36D-87EE16D21844}"
EndProject
Project("{FAE04EC0-301F-11D3-BF4B-00C04F79EFBC}") = "CarControl.CarConnect", "CarControl.CarConnect\CarControl.CarConnect.csproj", "{FDB09674-3C2D-4A1B-B8AB-2C367BD83EDC}"
EndProject
Project("{FAE04EC0-301F-11D3-BF4B-00C04F79EFBC}") = "CarConnect.Model", "CarConnect.Model\CarConnect.Model.csproj", "{019F7905-21E2-4234-A239-4CF5F521EE3E}"
EndProject
Project("{FAE04EC0-301F-11D3-BF4B-00C04F79EFBC}") = "CarConnect.Data", "CarConnect.Data\CarConnect.Data.csproj", "{093EB620-6A61-4AA4-8F44-6851E860A319}"
EndProject
Project("{FAE04EC0-301F-11D3-BF4B-00C04F79EFBC}") = "CarControl.Service", "CarControl.Service\CarControl.Service.csproj", "{AB8F253F-BAFD-4489-B420-DA0DB731C329}"
EndProject
Project("{FAE04EC0-301F-11D3-BF4B-00C04F79EFBC}") = "CarConnect.Test", "CarConnect.Test\CarConnect.Test.csproj", "{0D23439D-6A4F-487F-98F7-C5CE23454A1F}"
EndProject
Project("{FAE04EC0-301F-11D3-BF4B-00C04F79EFBC}") = "CarControl.Contract", "CarControl.Contract\CarControl.Contract.csproj", "{205FF8B9-E412-4A8A-9F7C-A8B0B224591F}"
EndProject
Project("{FAE04EC0-301F-11D3-BF4B-00C04F79EFBC}") = "CarControl.ConsoleHost", "CarControl.ConsoleHost\CarControl.ConsoleHost.csproj", "{A7BD4510-B8C7-43C5-A88F-4E2E5EEED54E}"
EndProject
Project("{FAE04EC0-301F-11D3-BF4B-00C04F79EFBC}") = "CarControl.WcfService", "CarControl.WcfService\CarControl.WcfService.csproj", "{328793EB-0E01-4A32-A426-DD61C8B15A38}"
EndProject
Global
	GlobalSection(SolutionConfigurationPlatforms) = preSolution
		Debug|Any CPU = Debug|Any CPU
		Release|Any CPU = Release|Any CPU
	EndGlobalSection
	GlobalSection(ProjectConfigurationPlatforms) = postSolution
		{6667B4C9-EED5-4EA2-A36D-87EE16D21844}.Debug|Any CPU.ActiveCfg = Debug|Any CPU
		{6667B4C9-EED5-4EA2-A36D-87EE16D21844}.Debug|Any CPU.Build.0 = Debug|Any CPU
		{6667B4C9-EED5-4EA2-A36D-87EE16D21844}.Release|Any CPU.ActiveCfg = Release|Any CPU
		{6667B4C9-EED5-4EA2-A36D-87EE16D21844}.Release|Any CPU.Build.0 = Release|Any CPU
		{FDB09674-3C2D-4A1B-B8AB-2C367BD83EDC}.Debug|Any CPU.ActiveCfg = Debug|Any CPU
		{FDB09674-3C2D-4A1B-B8AB-2C367BD83EDC}.Debug|Any CPU.Build.0 = Debug|Any CPU
		{FDB09674-3C2D-4A1B-B8AB-2C367BD83EDC}.Release|Any CPU.ActiveCfg = Release|Any CPU
		{FDB09674-3C2D-4A1B-B8AB-2C367BD83EDC}.Release|Any CPU.Build.0 = Release|Any CPU
		{019F7905-21E2-4234-A239-4CF5F521EE3E}.Debug|Any CPU.ActiveCfg = Debug|Any CPU
		{019F7905-21E2-4234-A239-4CF5F521EE3E}.Debug|Any CPU.Build.0 = Debug|Any CPU
		{019F7905-21E2-4234-A239-4CF5F521EE3E}.Release|Any CPU.ActiveCfg = Release|Any CPU
		{019F7905-21E2-4234-A239-4CF5F521EE3E}.Release|Any CPU.Build.0 = Release|Any CPU
		{093EB620-6A61-4AA4-8F44-6851E860A319}.Debug|Any CPU.ActiveCfg = Debug|Any CPU
		{093EB620-6A61-4AA4-8F44-6851E860A319}.Debug|Any CPU.Build.0 = Debug|Any CPU
		{093EB620-6A61-4AA4-8F44-6851E860A319}.Release|Any CPU.ActiveCfg = Release|Any CPU
		{093EB620-6A61-4AA4-8F44-6851E860A319}.Release|Any CPU.Build.0 = Release|Any CPU
		{AB8F253F-BAFD-4489-B420-DA0DB731C329}.Debug|Any CPU.ActiveCfg = Debug|Any CPU
		{AB8F253F-BAFD-4489-B420-DA0DB731C329}.Debug|Any CPU.Build.0 = Debug|Any CPU
		{AB8F253F-BAFD-4489-B420-DA0DB731C329}.Release|Any CPU.ActiveCfg = Release|Any CPU
		{AB8F253F-BAFD-4489-B420-DA0DB731C329}.Release|Any CPU.Build.0 = Release|Any CPU
		{0D23439D-6A4F-487F-98F7-C5CE23454A1F}.Debug|Any CPU.ActiveCfg = Debug|Any CPU
		{0D23439D-6A4F-487F-98F7-C5CE23454A1F}.Debug|Any CPU.Build.0 = Debug|Any CPU
		{0D23439D-6A4F-487F-98F7-C5CE23454A1F}.Release|Any CPU.ActiveCfg = Release|Any CPU
		{0D23439D-6A4F-487F-98F7-C5CE23454A1F}.Release|Any CPU.Build.0 = Release|Any CPU
		{205FF8B9-E412-4A8A-9F7C-A8B0B224591F}.Debug|Any CPU.ActiveCfg = Debug|Any CPU
		{205FF8B9-E412-4A8A-9F7C-A8B0B224591F}.Debug|Any CPU.Build.0 = Debug|Any CPU
		{205FF8B9-E412-4A8A-9F7C-A8B0B224591F}.Release|Any CPU.ActiveCfg = Release|Any CPU
		{205FF8B9-E412-4A8A-9F7C-A8B0B224591F}.Release|Any CPU.Build.0 = Release|Any CPU
		{A7BD4510-B8C7-43C5-A88F-4E2E5EEED54E}.Debug|Any CPU.ActiveCfg = Debug|Any CPU
		{A7BD4510-B8C7-43C5-A88F-4E2E5EEED54E}.Debug|Any CPU.Build.0 = Debug|Any CPU
		{A7BD4510-B8C7-43C5-A88F-4E2E5EEED54E}.Release|Any CPU.ActiveCfg = Release|Any CPU
		{A7BD4510-B8C7-43C5-A88F-4E2E5EEED54E}.Release|Any CPU.Build.0 = Release|Any CPU
		{328793EB-0E01-4A32-A426-DD61C8B15A38}.Debug|Any CPU.ActiveCfg = Debug|Any CPU
		{328793EB-0E01-4A32-A426-DD61C8B15A38}.Debug|Any CPU.Build.0 = Debug|Any CPU
		{328793EB-0E01-4A32-A426-DD61C8B15A38}.Release|Any CPU.ActiveCfg = Release|Any CPU
		{328793EB-0E01-4A32-A426-DD61C8B15A38}.Release|Any CPU.Build.0 = Release|Any CPU
	EndGlobalSection
	GlobalSection(SolutionProperties) = preSolution
		HideSolutionNode = FALSE
	EndGlobalSection
EndGlobal
